
Microsoft Visual Studio Solution File, Format Version 12.00
# Visual Studio Version 16
VisualStudioVersion = 16.0.29728.190
MinimumVisualStudioVersion = 10.0.40219.1
Project("{FAE04EC0-301F-11D3-BF4B-00C04F79EFBC}") = "HW6.Android", "HW6\HW6.Android\HW6.Android.csproj", "{239435B9-BBE8-4ADC-AC72-A61B8F631E2A}"
EndProject
Project("{FAE04EC0-301F-11D3-BF4B-00C04F79EFBC}") = "HW6.iOS", "HW6\HW6.iOS\HW6.iOS.csproj", "{7EF383CE-1CF0-4D9F-AA59-21A3EE6F1353}"
EndProject
Project("{FAE04EC0-301F-11D3-BF4B-00C04F79EFBC}") = "HW6", "HW6\HW6\HW6.csproj", "{F476AD7E-2979-4B48-8415-89A4BB741DCA}"
EndProject
Global
	GlobalSection(SolutionConfigurationPlatforms) = preSolution
		Debug|Any CPU = Debug|Any CPU
		Debug|iPhone = Debug|iPhone
		Debug|iPhoneSimulator = Debug|iPhoneSimulator
		Release|Any CPU = Release|Any CPU
		Release|iPhone = Release|iPhone
		Release|iPhoneSimulator = Release|iPhoneSimulator
	EndGlobalSection
	GlobalSection(ProjectConfigurationPlatforms) = postSolution
		{239435B9-BBE8-4ADC-AC72-A61B8F631E2A}.Debug|Any CPU.ActiveCfg = Debug|Any CPU
		{239435B9-BBE8-4ADC-AC72-A61B8F631E2A}.Debug|Any CPU.Build.0 = Debug|Any CPU
		{239435B9-BBE8-4ADC-AC72-A61B8F631E2A}.Debug|Any CPU.Deploy.0 = Debug|Any CPU
		{239435B9-BBE8-4ADC-AC72-A61B8F631E2A}.Debug|iPhone.ActiveCfg = Debug|Any CPU
		{239435B9-BBE8-4ADC-AC72-A61B8F631E2A}.Debug|iPhone.Build.0 = Debug|Any CPU
		{239435B9-BBE8-4ADC-AC72-A61B8F631E2A}.Debug|iPhone.Deploy.0 = Debug|Any CPU
		{239435B9-BBE8-4ADC-AC72-A61B8F631E2A}.Debug|iPhoneSimulator.ActiveCfg = Debug|Any CPU
		{239435B9-BBE8-4ADC-AC72-A61B8F631E2A}.Debug|iPhoneSimulator.Build.0 = Debug|Any CPU
		{239435B9-BBE8-4ADC-AC72-A61B8F631E2A}.Debug|iPhoneSimulator.Deploy.0 = Debug|Any CPU
		{239435B9-BBE8-4ADC-AC72-A61B8F631E2A}.Release|Any CPU.ActiveCfg = Release|Any CPU
		{239435B9-BBE8-4ADC-AC72-A61B8F631E2A}.Release|Any CPU.Build.0 = Release|Any CPU
		{239435B9-BBE8-4ADC-AC72-A61B8F631E2A}.Release|Any CPU.Deploy.0 = Release|Any CPU
		{239435B9-BBE8-4ADC-AC72-A61B8F631E2A}.Release|iPhone.ActiveCfg = Release|Any CPU
		{239435B9-BBE8-4ADC-AC72-A61B8F631E2A}.Release|iPhone.Build.0 = Release|Any CPU
		{239435B9-BBE8-4ADC-AC72-A61B8F631E2A}.Release|iPhone.Deploy.0 = Release|Any CPU
		{239435B9-BBE8-4ADC-AC72-A61B8F631E2A}.Release|iPhoneSimulator.ActiveCfg = Release|Any CPU
		{239435B9-BBE8-4ADC-AC72-A61B8F631E2A}.Release|iPhoneSimulator.Build.0 = Release|Any CPU
		{239435B9-BBE8-4ADC-AC72-A61B8F631E2A}.Release|iPhoneSimulator.Deploy.0 = Release|Any CPU
		{7EF383CE-1CF0-4D9F-AA59-21A3EE6F1353}.Debug|Any CPU.ActiveCfg = Debug|iPhoneSimulator
		{7EF383CE-1CF0-4D9F-AA59-21A3EE6F1353}.Debug|Any CPU.Build.0 = Debug|iPhoneSimulator
		{7EF383CE-1CF0-4D9F-AA59-21A3EE6F1353}.Debug|Any CPU.Deploy.0 = Debug|iPhoneSimulator
		{7EF383CE-1CF0-4D9F-AA59-21A3EE6F1353}.Debug|iPhone.ActiveCfg = Debug|iPhone
		{7EF383CE-1CF0-4D9F-AA59-21A3EE6F1353}.Debug|iPhone.Build.0 = Debug|iPhone
		{7EF383CE-1CF0-4D9F-AA59-21A3EE6F1353}.Debug|iPhone.Deploy.0 = Debug|iPhone
		{7EF383CE-1CF0-4D9F-AA59-21A3EE6F1353}.Debug|iPhoneSimulator.ActiveCfg = Debug|iPhoneSimulator
		{7EF383CE-1CF0-4D9F-AA59-21A3EE6F1353}.Debug|iPhoneSimulator.Build.0 = Debug|iPhoneSimulator
		{7EF383CE-1CF0-4D9F-AA59-21A3EE6F1353}.Debug|iPhoneSimulator.Deploy.0 = Debug|iPhoneSimulator
		{7EF383CE-1CF0-4D9F-AA59-21A3EE6F1353}.Release|Any CPU.ActiveCfg = Release|iPhone
		{7EF383CE-1CF0-4D9F-AA59-21A3EE6F1353}.Release|Any CPU.Build.0 = Release|iPhone
		{7EF383CE-1CF0-4D9F-AA59-21A3EE6F1353}.Release|Any CPU.Deploy.0 = Release|iPhone
		{7EF383CE-1CF0-4D9F-AA59-21A3EE6F1353}.Release|iPhone.ActiveCfg = Release|iPhone
		{7EF383CE-1CF0-4D9F-AA59-21A3EE6F1353}.Release|iPhone.Build.0 = Release|iPhone
		{7EF383CE-1CF0-4D9F-AA59-21A3EE6F1353}.Release|iPhone.Deploy.0 = Release|iPhone
		{7EF383CE-1CF0-4D9F-AA59-21A3EE6F1353}.Release|iPhoneSimulator.ActiveCfg = Release|iPhoneSimulator
		{7EF383CE-1CF0-4D9F-AA59-21A3EE6F1353}.Release|iPhoneSimulator.Build.0 = Release|iPhoneSimulator
		{7EF383CE-1CF0-4D9F-AA59-21A3EE6F1353}.Release|iPhoneSimulator.Deploy.0 = Release|iPhoneSimulator
		{F476AD7E-2979-4B48-8415-89A4BB741DCA}.Debug|Any CPU.ActiveCfg = Debug|Any CPU
		{F476AD7E-2979-4B48-8415-89A4BB741DCA}.Debug|Any CPU.Build.0 = Debug|Any CPU
		{F476AD7E-2979-4B48-8415-89A4BB741DCA}.Debug|Any CPU.Deploy.0 = Debug|Any CPU
		{F476AD7E-2979-4B48-8415-89A4BB741DCA}.Debug|iPhone.ActiveCfg = Debug|Any CPU
		{F476AD7E-2979-4B48-8415-89A4BB741DCA}.Debug|iPhone.Build.0 = Debug|Any CPU
		{F476AD7E-2979-4B48-8415-89A4BB741DCA}.Debug|iPhone.Deploy.0 = Debug|Any CPU
		{F476AD7E-2979-4B48-8415-89A4BB741DCA}.Debug|iPhoneSimulator.ActiveCfg = Debug|Any CPU
		{F476AD7E-2979-4B48-8415-89A4BB741DCA}.Debug|iPhoneSimulator.Build.0 = Debug|Any CPU
		{F476AD7E-2979-4B48-8415-89A4BB741DCA}.Debug|iPhoneSimulator.Deploy.0 = Debug|Any CPU
		{F476AD7E-2979-4B48-8415-89A4BB741DCA}.Release|Any CPU.ActiveCfg = Release|Any CPU
		{F476AD7E-2979-4B48-8415-89A4BB741DCA}.Release|Any CPU.Build.0 = Release|Any CPU
		{F476AD7E-2979-4B48-8415-89A4BB741DCA}.Release|Any CPU.Deploy.0 = Release|Any CPU
		{F476AD7E-2979-4B48-8415-89A4BB741DCA}.Release|iPhone.ActiveCfg = Release|Any CPU
		{F476AD7E-2979-4B48-8415-89A4BB741DCA}.Release|iPhone.Build.0 = Release|Any CPU
		{F476AD7E-2979-4B48-8415-89A4BB741DCA}.Release|iPhone.Deploy.0 = Release|Any CPU
		{F476AD7E-2979-4B48-8415-89A4BB741DCA}.Release|iPhoneSimulator.ActiveCfg = Release|Any CPU
		{F476AD7E-2979-4B48-8415-89A4BB741DCA}.Release|iPhoneSimulator.Build.0 = Release|Any CPU
		{F476AD7E-2979-4B48-8415-89A4BB741DCA}.Release|iPhoneSimulator.Deploy.0 = Release|Any CPU
	EndGlobalSection
	GlobalSection(SolutionProperties) = preSolution
		HideSolutionNode = FALSE
	EndGlobalSection
	GlobalSection(ExtensibilityGlobals) = postSolution
		SolutionGuid = {A6D8902B-BBD4-43E6-9A99-F47C294D7BD0}
	EndGlobalSection
EndGlobal
